
Microsoft Visual Studio Solution File, Format Version 12.00
# Visual Studio 14
VisualStudioVersion = 14.0.25123.0
MinimumVisualStudioVersion = 10.0.40219.1
Project("{9F9EF005-91EA-4132-8BA6-9CAC3955340F}") = "Sitecore.Support.346210", "Sitecore.Support.346210\Sitecore.Support.346210.csproj", "{847E2DD9-6726-4941-8919-AA8142A6BCEA}"
EndProject
Global
	GlobalSection(SolutionConfigurationPlatforms) = preSolution
		Debug|Any CPU = Debug|Any CPU
		Release|Any CPU = Release|Any CPU
	EndGlobalSection
	GlobalSection(ProjectConfigurationPlatforms) = postSolution
		{847E2DD9-6726-4941-8919-AA8142A6BCEA}.Debug|Any CPU.ActiveCfg = Debug|Any CPU
		{847E2DD9-6726-4941-8919-AA8142A6BCEA}.Debug|Any CPU.Build.0 = Debug|Any CPU
		{847E2DD9-6726-4941-8919-AA8142A6BCEA}.Release|Any CPU.ActiveCfg = Release|Any CPU
		{847E2DD9-6726-4941-8919-AA8142A6BCEA}.Release|Any CPU.Build.0 = Release|Any CPU
	EndGlobalSection
	GlobalSection(SolutionProperties) = preSolution
		HideSolutionNode = FALSE
	EndGlobalSection
EndGlobal
